
Microsoft Visual Studio Solution File, Format Version 12.00
# Visual Studio Version 17
VisualStudioVersion = 17.5.002.0
MinimumVisualStudioVersion = 10.0.40219.1
Project("{9A19103F-16F7-4668-BE54-9A1E7A4F7556}") = "tlstest", "tlstest.csproj", "{D79BEBD8-FD73-475B-ABB5-79AC742A2355}"
EndProject
Global
	GlobalSection(SolutionConfigurationPlatforms) = preSolution
		Debug|Any CPU = Debug|Any CPU
		Release|Any CPU = Release|Any CPU
	EndGlobalSection
	GlobalSection(ProjectConfigurationPlatforms) = postSolution
		{D79BEBD8-FD73-475B-ABB5-79AC742A2355}.Debug|Any CPU.ActiveCfg = Debug|Any CPU
		{D79BEBD8-FD73-475B-ABB5-79AC742A2355}.Debug|Any CPU.Build.0 = Debug|Any CPU
		{D79BEBD8-FD73-475B-ABB5-79AC742A2355}.Release|Any CPU.ActiveCfg = Release|Any CPU
		{D79BEBD8-FD73-475B-ABB5-79AC742A2355}.Release|Any CPU.Build.0 = Release|Any CPU
	EndGlobalSection
	GlobalSection(SolutionProperties) = preSolution
		HideSolutionNode = FALSE
	EndGlobalSection
	GlobalSection(ExtensibilityGlobals) = postSolution
		SolutionGuid = {462389B4-264E-4D5D-ABD5-3E502F636678}
	EndGlobalSection
EndGlobal
